
Microsoft Visual Studio Solution File, Format Version 12.00
# Visual Studio Version 17
VisualStudioVersion = 17.7.34024.191
MinimumVisualStudioVersion = 10.0.40219.1
Project("{FAE04EC0-301F-11D3-BF4B-00C04F79EFBC}") = "NativAppsApi", "NativAppsApi\NativAppsApi.csproj", "{24388E9E-A1C5-4084-90A0-29D0818886E2}"
EndProject
Project("{FAE04EC0-301F-11D3-BF4B-00C04F79EFBC}") = "NativApps.Core", "NativApps.Core\NativApps.Core.csproj", "{FF3EA624-3A4F-49E7-B3BF-84982A158EF8}"
EndProject
Project("{FAE04EC0-301F-11D3-BF4B-00C04F79EFBC}") = "NativApps.Tests", "NativApps.Tests\NativApps.Tests.csproj", "{B4F7C75F-9DB1-487F-8358-56DA292930C5}"
EndProject
Global
	GlobalSection(SolutionConfigurationPlatforms) = preSolution
		Debug|Any CPU = Debug|Any CPU
		Release|Any CPU = Release|Any CPU
	EndGlobalSection
	GlobalSection(ProjectConfigurationPlatforms) = postSolution
		{24388E9E-A1C5-4084-90A0-29D0818886E2}.Debug|Any CPU.ActiveCfg = Debug|Any CPU
		{24388E9E-A1C5-4084-90A0-29D0818886E2}.Debug|Any CPU.Build.0 = Debug|Any CPU
		{24388E9E-A1C5-4084-90A0-29D0818886E2}.Release|Any CPU.ActiveCfg = Release|Any CPU
		{24388E9E-A1C5-4084-90A0-29D0818886E2}.Release|Any CPU.Build.0 = Release|Any CPU
		{FF3EA624-3A4F-49E7-B3BF-84982A158EF8}.Debug|Any CPU.ActiveCfg = Debug|Any CPU
		{FF3EA624-3A4F-49E7-B3BF-84982A158EF8}.Debug|Any CPU.Build.0 = Debug|Any CPU
		{FF3EA624-3A4F-49E7-B3BF-84982A158EF8}.Release|Any CPU.ActiveCfg = Release|Any CPU
		{FF3EA624-3A4F-49E7-B3BF-84982A158EF8}.Release|Any CPU.Build.0 = Release|Any CPU
		{B4F7C75F-9DB1-487F-8358-56DA292930C5}.Debug|Any CPU.ActiveCfg = Debug|Any CPU
		{B4F7C75F-9DB1-487F-8358-56DA292930C5}.Debug|Any CPU.Build.0 = Debug|Any CPU
		{B4F7C75F-9DB1-487F-8358-56DA292930C5}.Release|Any CPU.ActiveCfg = Release|Any CPU
		{B4F7C75F-9DB1-487F-8358-56DA292930C5}.Release|Any CPU.Build.0 = Release|Any CPU
	EndGlobalSection
	GlobalSection(SolutionProperties) = preSolution
		HideSolutionNode = FALSE
	EndGlobalSection
	GlobalSection(ExtensibilityGlobals) = postSolution
		SolutionGuid = {54CCEC4C-8469-483B-B9C6-5AEBDD710E33}
	EndGlobalSection
EndGlobal
